
Microsoft Visual Studio Solution File, Format Version 12.00
# Visual Studio Version 17
VisualStudioVersion = 17.13.35931.197 d17.13
MinimumVisualStudioVersion = 10.0.40219.1
Project("{FAE04EC0-301F-11D3-BF4B-00C04F79EFBC}") = "HelloCSharpWin", "HelloCSharpWin\HelloCSharpWin.csproj", "{964F19DE-25A4-445D-ACE9-F6618F1664C2}"
EndProject
Global
	GlobalSection(SolutionConfigurationPlatforms) = preSolution
		Debug|Any CPU = Debug|Any CPU
		Release|Any CPU = Release|Any CPU
	EndGlobalSection
	GlobalSection(ProjectConfigurationPlatforms) = postSolution
		{964F19DE-25A4-445D-ACE9-F6618F1664C2}.Debug|Any CPU.ActiveCfg = Debug|Any CPU
		{964F19DE-25A4-445D-ACE9-F6618F1664C2}.Debug|Any CPU.Build.0 = Debug|Any CPU
		{964F19DE-25A4-445D-ACE9-F6618F1664C2}.Release|Any CPU.ActiveCfg = Release|Any CPU
		{964F19DE-25A4-445D-ACE9-F6618F1664C2}.Release|Any CPU.Build.0 = Release|Any CPU
	EndGlobalSection
	GlobalSection(SolutionProperties) = preSolution
		HideSolutionNode = FALSE
	EndGlobalSection
	GlobalSection(ExtensibilityGlobals) = postSolution
		SolutionGuid = {47E0BC0F-1134-49A0-BD2D-039D3BC56680}
	EndGlobalSection
EndGlobal
